
Microsoft Visual Studio Solution File, Format Version 11.00
# Visual Studio 2010
Project("{FAE04EC0-301F-11D3-BF4B-00C04F79EFBC}") = "MVC3ProjectShare", "MVC3ProjectShare\MVC3ProjectShare.csproj", "{BFF0B16F-BC40-4FB4-92FC-5BF6892711D9}"
EndProject
Project("{FAE04EC0-301F-11D3-BF4B-00C04F79EFBC}") = "Tests", "Tests\Tests.csproj", "{D8434A81-0292-4FA7-AED6-2317B159093C}"
EndProject
Global
	GlobalSection(SolutionConfigurationPlatforms) = preSolution
		Debug|Any CPU = Debug|Any CPU
		Release|Any CPU = Release|Any CPU
	EndGlobalSection
	GlobalSection(ProjectConfigurationPlatforms) = postSolution
		{BFF0B16F-BC40-4FB4-92FC-5BF6892711D9}.Debug|Any CPU.ActiveCfg = Debug|Any CPU
		{BFF0B16F-BC40-4FB4-92FC-5BF6892711D9}.Debug|Any CPU.Build.0 = Debug|Any CPU
		{BFF0B16F-BC40-4FB4-92FC-5BF6892711D9}.Release|Any CPU.ActiveCfg = Release|Any CPU
		{BFF0B16F-BC40-4FB4-92FC-5BF6892711D9}.Release|Any CPU.Build.0 = Release|Any CPU
		{D8434A81-0292-4FA7-AED6-2317B159093C}.Debug|Any CPU.ActiveCfg = Debug|Any CPU
		{D8434A81-0292-4FA7-AED6-2317B159093C}.Debug|Any CPU.Build.0 = Debug|Any CPU
		{D8434A81-0292-4FA7-AED6-2317B159093C}.Release|Any CPU.ActiveCfg = Release|Any CPU
		{D8434A81-0292-4FA7-AED6-2317B159093C}.Release|Any CPU.Build.0 = Release|Any CPU
	EndGlobalSection
	GlobalSection(SolutionProperties) = preSolution
		HideSolutionNode = FALSE
	EndGlobalSection
EndGlobal
